
Microsoft Visual Studio Solution File, Format Version 12.00
# Visual Studio Version 17
VisualStudioVersion = 17.2.32505.173
MinimumVisualStudioVersion = 10.0.40219.1
Project("{FAE04EC0-301F-11D3-BF4B-00C04F79EFBC}") = "ARDUINO_API", "ARDUINO_API\ARDUINO_API.csproj", "{1FAB27C0-D3A9-4C44-BC53-88A31F8FB319}"
EndProject
Global
	GlobalSection(SolutionConfigurationPlatforms) = preSolution
		Debug|Any CPU = Debug|Any CPU
		Release|Any CPU = Release|Any CPU
	EndGlobalSection
	GlobalSection(ProjectConfigurationPlatforms) = postSolution
		{1FAB27C0-D3A9-4C44-BC53-88A31F8FB319}.Debug|Any CPU.ActiveCfg = Debug|Any CPU
		{1FAB27C0-D3A9-4C44-BC53-88A31F8FB319}.Debug|Any CPU.Build.0 = Debug|Any CPU
		{1FAB27C0-D3A9-4C44-BC53-88A31F8FB319}.Release|Any CPU.ActiveCfg = Release|Any CPU
		{1FAB27C0-D3A9-4C44-BC53-88A31F8FB319}.Release|Any CPU.Build.0 = Release|Any CPU
	EndGlobalSection
	GlobalSection(SolutionProperties) = preSolution
		HideSolutionNode = FALSE
	EndGlobalSection
	GlobalSection(ExtensibilityGlobals) = postSolution
		SolutionGuid = {4146E57D-D796-4DD3-ADCF-660AD61F6511}
	EndGlobalSection
EndGlobal
